
Microsoft Visual Studio Solution File, Format Version 12.00
# Visual Studio 2012
Project("{FAE04EC0-301F-11D3-BF4B-00C04F79EFBC}") = "VRPTW", "VRPTW\VRPTW.csproj", "{80E31ECB-7719-42DA-9386-9B430350418A}"
EndProject
Project("{FAE04EC0-301F-11D3-BF4B-00C04F79EFBC}") = "Soft_Computing", "Soft_Computing\Soft_Computing.csproj", "{A41F11BC-4CD8-4358-A07A-569FAB8C6AE8}"
EndProject
Global
	GlobalSection(SolutionConfigurationPlatforms) = preSolution
		Debug|Any CPU = Debug|Any CPU
		Release|Any CPU = Release|Any CPU
	EndGlobalSection
	GlobalSection(ProjectConfigurationPlatforms) = postSolution
		{80E31ECB-7719-42DA-9386-9B430350418A}.Debug|Any CPU.ActiveCfg = Debug|Any CPU
		{80E31ECB-7719-42DA-9386-9B430350418A}.Debug|Any CPU.Build.0 = Debug|Any CPU
		{80E31ECB-7719-42DA-9386-9B430350418A}.Release|Any CPU.ActiveCfg = Release|Any CPU
		{80E31ECB-7719-42DA-9386-9B430350418A}.Release|Any CPU.Build.0 = Release|Any CPU
		{A41F11BC-4CD8-4358-A07A-569FAB8C6AE8}.Debug|Any CPU.ActiveCfg = Debug|Any CPU
		{A41F11BC-4CD8-4358-A07A-569FAB8C6AE8}.Debug|Any CPU.Build.0 = Debug|Any CPU
		{A41F11BC-4CD8-4358-A07A-569FAB8C6AE8}.Release|Any CPU.ActiveCfg = Release|Any CPU
		{A41F11BC-4CD8-4358-A07A-569FAB8C6AE8}.Release|Any CPU.Build.0 = Release|Any CPU
		{A41F11BC-4CD8-4358-A07A-569FAB8C6AE8}.Release|Any CPU.Deploy.0 = Release|Any CPU
	EndGlobalSection
	GlobalSection(SolutionProperties) = preSolution
		HideSolutionNode = FALSE
	EndGlobalSection
EndGlobal
